<Solution>
  <Folder Name="/src/">
    <Project Path="src/Dcfs.Dashboard.Api/Dcfs.Dashboard.Api.csproj" />
    <Project Path="src/Dcfs.Dashboard.Application/Dcfs.Dashboard.Application.csproj" />
    <Project Path="src/Dcfs.Dashboard.Domain/Dcfs.Dashboard.Domain.csproj" />
    <Project Path="src/Dcfs.Dashboard.Infrastructure/Dcfs.Dashboard.Infrastructure.csproj" />
    <Project Path="src/Dcfs.Dashboard.Worker/Dcfs.Dashboard.Worker.csproj" />
  </Folder>
  <Folder Name="/tests/">
    <Project Path="tests/Dcfs.Dashboard.IntegrationTests/Dcfs.Dashboard.IntegrationTests.csproj" />
    <Project Path="tests/Dcfs.Dashboard.UnitTests/Dcfs.Dashboard.UnitTests.csproj" />
  </Folder>
</Solution>
