<Solution>
  <Folder Name="/src/">
    <Project Path="src/WhaleDeck.Api/WhaleDeck.Api.csproj" />
    <Project Path="src/WhaleDeck.Application/WhaleDeck.Application.csproj" />
    <Project Path="src/WhaleDeck.Domain/WhaleDeck.Domain.csproj" />
    <Project Path="src/WhaleDeck.Infrastructure/WhaleDeck.Infrastructure.csproj" />
    <Project Path="src/WhaleDeck.Worker/WhaleDeck.Worker.csproj" />
  </Folder>
  <Folder Name="/tests/">
    <Project Path="tests/WhaleDeck.IntegrationTests/WhaleDeck.IntegrationTests.csproj" />
    <Project Path="tests/WhaleDeck.UnitTests/WhaleDeck.UnitTests.csproj" />
  </Folder>
</Solution>
